// !$*UTF8*$!
{
	archiveVersion = 1;
	classes = {
	};
	objectVersion = 77;
	objects = {

/* Begin PBXContainerItemProxy section */
		3ADF534D2CB242A800F544E0 /* PBXContainerItemProxy */ = {
			isa = PBXContainerItemProxy;
			containerPortal = 3ADF53342CB242A500F544E0 /* Project object */;
			proxyType = 1;
			remoteGlobalIDString = 3ADF533B2CB242A500F544E0;
			remoteInfo = Face_Rater_App;
		};
		3ADF53572CB242A900F544E0 /* PBXContainerItemProxy */ = {
			isa = PBXContainerItemProxy;
			containerPortal = 3ADF53342CB242A500F544E0 /* Project object */;
			proxyType = 1;
			remoteGlobalIDString = 3ADF533B2CB242A500F544E0;
			remoteInfo = Face_Rater_App;
		};
/* End PBXContainerItemProxy section */

/* Begin PBXFileReference section */
		3ADF533C2CB242A500F544E0 /* Face_Rater_App.app */ = {isa = PBXFileReference; explicitFileType = wrapper.application; includeInIndex = 0; path = Face_Rater_App.app; sourceTree = BUILT_PRODUCTS_DIR; };
		3ADF534C2CB242A800F544E0 /* Face_Rater_AppTests.xctest */ = {isa = PBXFileReference; explicitFileType = wrapper.cfbundle; includeInIndex = 0; path = Face_Rater_AppTests.xctest; sourceTree = BUILT_PRODUCTS_DIR; };
		3ADF53562CB242A900F544E0 /* Face_Rater_AppUITests.xctest */ = {isa = PBXFileReference; explicitFileType = wrapper.cfbundle; includeInIndex = 0; path = Face_Rater_AppUITests.xctest; sourceTree = BUILT_PRODUCTS_DIR; };
/* End PBXFileReference section */

/* Begin PBXFileSystemSynchronizedRootGroup section */
		3ADF533E2CB242A500F544E0 /* Face_Rater_App */ = {
			isa = PBXFileSystemSynchronizedRootGroup;
			path = Face_Rater_App;
			sourceTree = "<group>";
		};
		3ADF534F2CB242A800F544E0 /* Face_Rater_AppTests */ = {
			isa = PBXFileSystemSynchronizedRootGroup;
			path = Face_Rater_AppTests;
			sourceTree = "<group>";
		};
		3ADF53592CB242A900F544E0 /* Face_Rater_AppUITests */ = {
			isa = PBXFileSystemSynchronizedRootGroup;
			path = Face_Rater_AppUITests;
			sourceTree = "<group>";
		};
/* End PBXFileSystemSynchronizedRootGroup section */

/* Begin PBXFrameworksBuildPhase section */
		3ADF53392CB242A500F544E0 /* Frameworks */ = {
			isa = PBXFrameworksBuildPhase;
			buildActionMask = 2147483647;
			files = (
			);
			runOnlyForDeploymentPostprocessing = 0;
		};
		3ADF53492CB242A800F544E0 /* Frameworks */ = {
			isa = PBXFrameworksBuildPhase;
			buildActionMask = 2147483647;
			files = (
			);
			runOnlyForDeploymentPostprocessing = 0;
		};
		3ADF53532CB242A900F544E0 /* Frameworks */ = {
			isa = PBXFrameworksBuildPhase;
			buildActionMask = 2147483647;
			files = (
			);
			runOnlyForDeploymentPostprocessing = 0;
		};
/* End PBXFrameworksBuildPhase section */

/* Begin PBXGroup section */
		3ADF53332CB242A500F544E0 = {
			isa = PBXGroup;
			children = (
				3ADF533E2CB242A500F544E0 /* Face_Rater_App */,
				3ADF534F2CB242A800F544E0 /* Face_Rater_AppTests */,
				3ADF53592CB242A900F544E0 /* Face_Rater_AppUITests */,
				3ADF533D2CB242A500F544E0 /* Products */,
			);
			sourceTree = "<group>";
		};
		3ADF533D2CB242A500F544E0 /* Products */ = {
			isa = PBXGroup;
			children = (
				3ADF533C2CB242A500F544E0 /* Face_Rater_App.app */,
				3ADF534C2CB242A800F544E0 /* Face_Rater_AppTests.xctest */,
				3ADF53562CB242A900F544E0 /* Face_Rater_AppUITests.xctest */,
			);
			name = Products;
			sourceTree = "<group>";
		};
/* End PBXGroup section */

/* Begin PBXNativeTarget section */
		3ADF533B2CB242A500F544E0 /* Face_Rater_App */ = {
			isa = PBXNativeTarget;
			buildConfigurationList = 3ADF53602CB242A900F544E0 /* Build configuration list for PBXNativeTarget "Face_Rater_App" */;
			buildPhases = (
				3ADF53382CB242A500F544E0 /* Sources */,
				3ADF53392CB242A500F544E0 /* Frameworks */,
				3ADF533A2CB242A500F544E0 /* Resources */,
			);
			buildRules = (
			);
			dependencies = (
			);
			fileSystemSynchronizedGroups = (
				3ADF533E2CB242A500F544E0 /* Face_Rater_App */,
			);
			name = Face_Rater_App;
			packageProductDependencies = (
			);
			productName = Face_Rater_App;
			productReference = 3ADF533C2CB242A500F544E0 /* Face_Rater_App.app */;
			productType = "com.apple.product-type.application";
		};
		3ADF534B2CB242A800F544E0 /* Face_Rater_AppTests */ = {
			isa = PBXNativeTarget;
			buildConfigurationList = 3ADF53632CB242A900F544E0 /* Build configuration list for PBXNativeTarget "Face_Rater_AppTests" */;
			buildPhases = (
				3ADF53482CB242A800F544E0 /* Sources */,
				3ADF53492CB242A800F544E0 /* Frameworks */,
				3ADF534A2CB242A800F544E0 /* Resources */,
			);
			buildRules = (
			);
			dependencies = (
				3ADF534E2CB242A800F544E0 /* PBXTargetDependency */,
			);
			fileSystemSynchronizedGroups = (
				3ADF534F2CB242A800F544E0 /* Face_Rater_AppTests */,
			);
			name = Face_Rater_AppTests;
			packageProductDependencies = (
			);
			productName = Face_Rater_AppTests;
			productReference = 3ADF534C2CB242A800F544E0 /* Face_Rater_AppTests.xctest */;
			productType = "com.apple.product-type.bundle.unit-test";
		};
		3ADF53552CB242A900F544E0 /* Face_Rater_AppUITests */ = {
			isa = PBXNativeTarget;
			buildConfigurationList = 3ADF53662CB242A900F544E0 /* Build configuration list for PBXNativeTarget "Face_Rater_AppUITests" */;
			buildPhases = (
				3ADF53522CB242A900F544E0 /* Sources */,
				3ADF53532CB242A900F544E0 /* Frameworks */,
				3ADF53542CB242A900F544E0 /* Resources */,
			);
			buildRules = (
			);
			dependencies = (
				3ADF53582CB242A900F544E0 /* PBXTargetDependency */,
			);
			fileSystemSynchronizedGroups = (
				3ADF53592CB242A900F544E0 /* Face_Rater_AppUITests */,
			);
			name = Face_Rater_AppUITests;
			packageProductDependencies = (
			);
			productName = Face_Rater_AppUITests;
			productReference = 3ADF53562CB242A900F544E0 /* Face_Rater_AppUITests.xctest */;
			productType = "com.apple.product-type.bundle.ui-testing";
		};
/* End PBXNativeTarget section */

/* Begin PBXProject section */
		3ADF53342CB242A500F544E0 /* Project object */ = {
			isa = PBXProject;
			attributes = {
				BuildIndependentTargetsInParallel = 1;
				LastSwiftUpdateCheck = 1600;
				LastUpgradeCheck = 1600;
				TargetAttributes = {
					3ADF533B2CB242A500F544E0 = {
						CreatedOnToolsVersion = 16.0;
					};
					3ADF534B2CB242A800F544E0 = {
						CreatedOnToolsVersion = 16.0;
						TestTargetID = 3ADF533B2CB242A500F544E0;
					};
					3ADF53552CB242A900F544E0 = {
						CreatedOnToolsVersion = 16.0;
						TestTargetID = 3ADF533B2CB242A500F544E0;
					};
				};
			};
			buildConfigurationList = 3ADF53372CB242A500F544E0 /* Build configuration list for PBXProject "Face_Rater_App" */;
			developmentRegion = en;
			hasScannedForEncodings = 0;
			knownRegions = (
				en,
				Base,
			);
			mainGroup = 3ADF53332CB242A500F544E0;
			minimizedProjectReferenceProxies = 1;
			preferredProjectObjectVersion = 77;
			productRefGroup = 3ADF533D2CB242A500F544E0 /* Products */;
			projectDirPath = "";
			projectRoot = "";
			targets = (
				3ADF533B2CB242A500F544E0 /* Face_Rater_App */,
				3ADF534B2CB242A800F544E0 /* Face_Rater_AppTests */,
				3ADF53552CB242A900F544E0 /* Face_Rater_AppUITests */,
			);
		};
/* End PBXProject section */

/* Begin PBXResourcesBuildPhase section */
		3ADF533A2CB242A500F544E0 /* Resources */ = {
			isa = PBXResourcesBuildPhase;
			buildActionMask = 2147483647;
			files = (
			);
			runOnlyForDeploymentPostprocessing = 0;
		};
		3ADF534A2CB242A800F544E0 /* Resources */ = {
			isa = PBXResourcesBuildPhase;
			buildActionMask = 2147483647;
			files = (
			);
			runOnlyForDeploymentPostprocessing = 0;
		};
		3ADF53542CB242A900F544E0 /* Resources */ = {
			isa = PBXResourcesBuildPhase;
			buildActionMask = 2147483647;
			files = (
			);
			runOnlyForDeploymentPostprocessing = 0;
		};
/* End PBXResourcesBuildPhase section */

/* Begin PBXSourcesBuildPhase section */
		3ADF53382CB242A500F544E0 /* Sources */ = {
			isa = PBXSourcesBuildPhase;
			buildActionMask = 2147483647;
			files = (
			);
			runOnlyForDeploymentPostprocessing = 0;
		};
		3ADF53482CB242A800F544E0 /* Sources */ = {
			isa = PBXSourcesBuildPhase;
			buildActionMask = 2147483647;
			files = (
			);
			runOnlyForDeploymentPostprocessing = 0;
		};
		3ADF53522CB242A900F544E0 /* Sources */ = {
			isa = PBXSourcesBuildPhase;
			buildActionMask = 2147483647;
			files = (
			);
			runOnlyForDeploymentPostprocessing = 0;
		};
/* End PBXSourcesBuildPhase section */

/* Begin PBXTargetDependency section */
		3ADF534E2CB242A800F544E0 /* PBXTargetDependency */ = {
			isa = PBXTargetDependency;
			target = 3ADF533B2CB242A500F544E0 /* Face_Rater_App */;
			targetProxy = 3ADF534D2CB242A800F544E0 /* PBXContainerItemProxy */;
		};
		3ADF53582CB242A900F544E0 /* PBXTargetDependency */ = {
			isa = PBXTargetDependency;
			target = 3ADF533B2CB242A500F544E0 /* Face_Rater_App */;
			targetProxy = 3ADF53572CB242A900F544E0 /* PBXContainerItemProxy */;
		};
/* End PBXTargetDependency section */

/* Begin XCBuildConfiguration section */
		3ADF535E2CB242A900F544E0 /* Debug */ = {
			isa = XCBuildConfiguration;
			buildSettings = {
				ALWAYS_SEARCH_USER_PATHS = NO;
				ASSETCATALOG_COMPILER_GENERATE_SWIFT_ASSET_SYMBOL_EXTENSIONS = YES;
				CLANG_ANALYZER_NONNULL = YES;
				CLANG_ANALYZER_NUMBER_OBJECT_CONVERSION = YES_AGGRESSIVE;
				CLANG_CXX_LANGUAGE_STANDARD = "gnu++20";
				CLANG_ENABLE_MODULES = YES;
				CLANG_ENABLE_OBJC_ARC = YES;
				CLANG_ENABLE_OBJC_WEAK = YES;
				CLANG_WARN_BLOCK_CAPTURE_AUTORELEASING = YES;
				CLANG_WARN_BOOL_CONVERSION = YES;
				CLANG_WARN_COMMA = YES;
				CLANG_WARN_CONSTANT_CONVERSION = YES;
				CLANG_WARN_DEPRECATED_OBJC_IMPLEMENTATIONS = YES;
				CLANG_WARN_DIRECT_OBJC_ISA_USAGE = YES_ERROR;
				CLANG_WARN_DOCUMENTATION_COMMENTS = YES;
				CLANG_WARN_EMPTY_BODY = YES;
				CLANG_WARN_ENUM_CONVERSION = YES;
				CLANG_WARN_INFINITE_RECURSION = YES;
				CLANG_WARN_INT_CONVERSION = YES;
				CLANG_WARN_NON_LITERAL_NULL_CONVERSION = YES;
				CLANG_WARN_OBJC_IMPLICIT_RETAIN_SELF = YES;
				CLANG_WARN_OBJC_LITERAL_CONVERSION = YES;
				CLANG_WARN_OBJC_ROOT_CLASS = YES_ERROR;
				CLANG_WARN_QUOTED_INCLUDE_IN_FRAMEWORK_HEADER = YES;
				CLANG_WARN_RANGE_LOOP_ANALYSIS = YES;
				CLANG_WARN_STRICT_PROTOTYPES = YES;
				CLANG_WARN_SUSPICIOUS_MOVE = YES;
				CLANG_WARN_UNGUARDED_AVAILABILITY = YES_AGGRESSIVE;
				CLANG_WARN_UNREACHABLE_CODE = YES;
				CLANG_WARN__DUPLICATE_METHOD_MATCH = YES;
				COPY_PHASE_STRIP = NO;
				DEBUG_INFORMATION_FORMAT = dwarf;
				ENABLE_STRICT_OBJC_MSGSEND = YES;
				ENABLE_TESTABILITY = YES;
				ENABLE_USER_SCRIPT_SANDBOXING = YES;
				GCC_C_LANGUAGE_STANDARD = gnu17;
				GCC_DYNAMIC_NO_PIC = NO;
				GCC_NO_COMMON_BLOCKS = YES;
				GCC_OPTIMIZATION_LEVEL = 0;
				GCC_PREPROCESSOR_DEFINITIONS = (
					"DEBUG=1",
					"$(inherited)",
				);
				GCC_WARN_64_TO_32_BIT_CONVERSION = YES;
				GCC_WARN_ABOUT_RETURN_TYPE = YES_ERROR;
				GCC_WARN_UNDECLARED_SELECTOR = YES;
				GCC_WARN_UNINITIALIZED_AUTOS = YES_AGGRESSIVE;
				GCC_WARN_UNUSED_FUNCTION = YES;
				GCC_WARN_UNUSED_VARIABLE = YES;
				IPHONEOS_DEPLOYMENT_TARGET = 18.0;
				LOCALIZATION_PREFERS_STRING_CATALOGS = YES;
				MTL_ENABLE_DEBUG_INFO = INCLUDE_SOURCE;
				MTL_FAST_MATH = YES;
				ONLY_ACTIVE_ARCH = YES;
				SDKROOT = iphoneos;
				SWIFT_ACTIVE_COMPILATION_CONDITIONS = "DEBUG $(inherited)";
				SWIFT_OPTIMIZATION_LEVEL = "-Onone";
			};
			name = Debug;
		};
		3ADF535F2CB242A900F544E0 /* Release */ = {
			isa = XCBuildConfiguration;
			buildSettings = {
				ALWAYS_SEARCH_USER_PATHS = NO;
				ASSETCATALOG_COMPILER_GENERATE_SWIFT_ASSET_SYMBOL_EXTENSIONS = YES;
				CLANG_ANALYZER_NONNULL = YES;
				CLANG_ANALYZER_NUMBER_OBJECT_CONVERSION = YES_AGGRESSIVE;
				CLANG_CXX_LANGUAGE_STANDARD = "gnu++20";
				CLANG_ENABLE_MODULES = YES;
				CLANG_ENABLE_OBJC_ARC = YES;
				CLANG_ENABLE_OBJC_WEAK = YES;
				CLANG_WARN_BLOCK_CAPTURE_AUTORELEASING = YES;
				CLANG_WARN_BOOL_CONVERSION = YES;
				CLANG_WARN_COMMA = YES;
				CLANG_WARN_CONSTANT_CONVERSION = YES;
				CLANG_WARN_DEPRECATED_OBJC_IMPLEMENTATIONS = YES;
				CLANG_WARN_DIRECT_OBJC_ISA_USAGE = YES_ERROR;
				CLANG_WARN_DOCUMENTATION_COMMENTS = YES;
				CLANG_WARN_EMPTY_BODY = YES;
				CLANG_WARN_ENUM_CONVERSION = YES;
				CLANG_WARN_INFINITE_RECURSION = YES;
				CLANG_WARN_INT_CONVERSION = YES;
				CLANG_WARN_NON_LITERAL_NULL_CONVERSION = YES;
				CLANG_WARN_OBJC_IMPLICIT_RETAIN_SELF = YES;
				CLANG_WARN_OBJC_LITERAL_CONVERSION = YES;
				CLANG_WARN_OBJC_ROOT_CLASS = YES_ERROR;
				CLANG_WARN_QUOTED_INCLUDE_IN_FRAMEWORK_HEADER = YES;
				CLANG_WARN_RANGE_LOOP_ANALYSIS = YES;
				CLANG_WARN_STRICT_PROTOTYPES = YES;
				CLANG_WARN_SUSPICIOUS_MOVE = YES;
				CLANG_WARN_UNGUARDED_AVAILABILITY = YES_AGGRESSIVE;
				CLANG_WARN_UNREACHABLE_CODE = YES;
				CLANG_WARN__DUPLICATE_METHOD_MATCH = YES;
				COPY_PHASE_STRIP = NO;
				DEBUG_INFORMATION_FORMAT = "dwarf-with-dsym";
				ENABLE_NS_ASSERTIONS = NO;
				ENABLE_STRICT_OBJC_MSGSEND = YES;
				ENABLE_USER_SCRIPT_SANDBOXING = YES;
				GCC_C_LANGUAGE_STANDARD = gnu17;
				GCC_NO_COMMON_BLOCKS = YES;
				GCC_WARN_64_TO_32_BIT_CONVERSION = YES;
				GCC_WARN_ABOUT_RETURN_TYPE = YES_ERROR;
				GCC_WARN_UNDECLARED_SELECTOR = YES;
				GCC_WARN_UNINITIALIZED_AUTOS = YES_AGGRESSIVE;
				GCC_WARN_UNUSED_FUNCTION = YES;
				GCC_WARN_UNUSED_VARIABLE = YES;
				IPHONEOS_DEPLOYMENT_TARGET = 18.0;
				LOCALIZATION_PREFERS_STRING_CATALOGS = YES;
				MTL_ENABLE_DEBUG_INFO = NO;
				MTL_FAST_MATH = YES;
				SDKROOT = iphoneos;
				SWIFT_COMPILATION_MODE = wholemodule;
				VALIDATE_PRODUCT = YES;
			};
			name = Release;
		};
		3ADF53612CB242A900F544E0 /* Debug */ = {
			isa = XCBuildConfiguration;
			buildSettings = {
				ASSETCATALOG_COMPILER_APPICON_NAME = AppIcon;
				ASSETCATALOG_COMPILER_GLOBAL_ACCENT_COLOR_NAME = AccentColor;
				CODE_SIGN_STYLE = Automatic;
				CURRENT_PROJECT_VERSION = 1;
				DEVELOPMENT_ASSET_PATHS = "\"Face_Rater_App/Preview Content\"";
				DEVELOPMENT_TEAM = J65F7Q5VCB;
				ENABLE_PREVIEWS = YES;
				GENERATE_INFOPLIST_FILE = YES;
				INFOPLIST_FILE = "Face-Rater-App-Info.plist";
				INFOPLIST_KEY_NSCameraUsageDescription = "Face_Rater needs to use your camera to function.";
				INFOPLIST_KEY_UIApplicationSceneManifest_Generation = YES;
				INFOPLIST_KEY_UIApplicationSupportsIndirectInputEvents = YES;
				INFOPLIST_KEY_UILaunchScreen_Generation = YES;
				INFOPLIST_KEY_UISupportedInterfaceOrientations_iPad = "UIInterfaceOrientationPortrait UIInterfaceOrientationPortraitUpsideDown UIInterfaceOrientationLandscapeLeft UIInterfaceOrientationLandscapeRight";
				INFOPLIST_KEY_UISupportedInterfaceOrientations_iPhone = "UIInterfaceOrientationPortrait UIInterfaceOrientationLandscapeLeft UIInterfaceOrientationLandscapeRight";
				IPHONEOS_DEPLOYMENT_TARGET = 16.0;
				LD_RUNPATH_SEARCH_PATHS = (
					"$(inherited)",
					"@executable_path/Frameworks",
				);
				MARKETING_VERSION = 1.0;
				PRODUCT_BUNDLE_IDENTIFIER = "com.salaam.Face-Rater-App";
				PRODUCT_NAME = "$(TARGET_NAME)";
				SWIFT_EMIT_LOC_STRINGS = YES;
				SWIFT_VERSION = 5.0;
				TARGETED_DEVICE_FAMILY = "1,2";
			};
			name = Debug;
		};
		3ADF53622CB242A900F544E0 /* Release */ = {
			isa = XCBuildConfiguration;
			buildSettings = {
				ASSETCATALOG_COMPILER_APPICON_NAME = AppIcon;
				ASSETCATALOG_COMPILER_GLOBAL_ACCENT_COLOR_NAME = AccentColor;
				CODE_SIGN_STYLE = Automatic;
				CURRENT_PROJECT_VERSION = 1;
				DEVELOPMENT_ASSET_PATHS = "\"Face_Rater_App/Preview Content\"";
				DEVELOPMENT_TEAM = J65F7Q5VCB;
				ENABLE_PREVIEWS = YES;
				GENERATE_INFOPLIST_FILE = YES;
				INFOPLIST_FILE = "Face-Rater-App-Info.plist";
				INFOPLIST_KEY_NSCameraUsageDescription = "Face_Rater needs to use your camera to function.";
				INFOPLIST_KEY_UIApplicationSceneManifest_Generation = YES;
				INFOPLIST_KEY_UIApplicationSupportsIndirectInputEvents = YES;
				INFOPLIST_KEY_UILaunchScreen_Generation = YES;
				INFOPLIST_KEY_UISupportedInterfaceOrientations_iPad = "UIInterfaceOrientationPortrait UIInterfaceOrientationPortraitUpsideDown UIInterfaceOrientationLandscapeLeft UIInterfaceOrientationLandscapeRight";
				INFOPLIST_KEY_UISupportedInterfaceOrientations_iPhone = "UIInterfaceOrientationPortrait UIInterfaceOrientationLandscapeLeft UIInterfaceOrientationLandscapeRight";
				IPHONEOS_DEPLOYMENT_TARGET = 16.0;
				LD_RUNPATH_SEARCH_PATHS = (
					"$(inherited)",
					"@executable_path/Frameworks",
				);
				MARKETING_VERSION = 1.0;
				PRODUCT_BUNDLE_IDENTIFIER = "com.salaam.Face-Rater-App";
				PRODUCT_NAME = "$(TARGET_NAME)";
				SWIFT_EMIT_LOC_STRINGS = YES;
				SWIFT_VERSION = 5.0;
				TARGETED_DEVICE_FAMILY = "1,2";
			};
			name = Release;
		};
		3ADF53642CB242A900F544E0 /* Debug */ = {
			isa = XCBuildConfiguration;
			buildSettings = {
				BUNDLE_LOADER = "$(TEST_HOST)";
				CODE_SIGN_STYLE = Automatic;
				CURRENT_PROJECT_VERSION = 1;
				DEVELOPMENT_TEAM = J65F7Q5VCB;
				GENERATE_INFOPLIST_FILE = YES;
				IPHONEOS_DEPLOYMENT_TARGET = 18.0;
				MARKETING_VERSION = 1.0;
				PRODUCT_BUNDLE_IDENTIFIER = "com.salaam.Face-Rater-AppTests";
				PRODUCT_NAME = "$(TARGET_NAME)";
				SWIFT_EMIT_LOC_STRINGS = NO;
				SWIFT_VERSION = 5.0;
				TARGETED_DEVICE_FAMILY = "1,2";
				TEST_HOST = "$(BUILT_PRODUCTS_DIR)/Face_Rater_App.app/$(BUNDLE_EXECUTABLE_FOLDER_PATH)/Face_Rater_App";
			};
			name = Debug;
		};
		3ADF53652CB242A900F544E0 /* Release */ = {
			isa = XCBuildConfiguration;
			buildSettings = {
				BUNDLE_LOADER = "$(TEST_HOST)";
				CODE_SIGN_STYLE = Automatic;
				CURRENT_PROJECT_VERSION = 1;
				DEVELOPMENT_TEAM = J65F7Q5VCB;
				GENERATE_INFOPLIST_FILE = YES;
				IPHONEOS_DEPLOYMENT_TARGET = 18.0;
				MARKETING_VERSION = 1.0;
				PRODUCT_BUNDLE_IDENTIFIER = "com.salaam.Face-Rater-AppTests";
				PRODUCT_NAME = "$(TARGET_NAME)";
				SWIFT_EMIT_LOC_STRINGS = NO;
				SWIFT_VERSION = 5.0;
				TARGETED_DEVICE_FAMILY = "1,2";
				TEST_HOST = "$(BUILT_PRODUCTS_DIR)/Face_Rater_App.app/$(BUNDLE_EXECUTABLE_FOLDER_PATH)/Face_Rater_App";
			};
			name = Release;
		};
		3ADF53672CB242A900F544E0 /* Debug */ = {
			isa = XCBuildConfiguration;
			buildSettings = {
				CODE_SIGN_STYLE = Automatic;
				CURRENT_PROJECT_VERSION = 1;
				DEVELOPMENT_TEAM = J65F7Q5VCB;
				GENERATE_INFOPLIST_FILE = YES;
				MARKETING_VERSION = 1.0;
				PRODUCT_BUNDLE_IDENTIFIER = "com.salaam.Face-Rater-AppUITests";
				PRODUCT_NAME = "$(TARGET_NAME)";
				SWIFT_EMIT_LOC_STRINGS = NO;
				SWIFT_VERSION = 5.0;
				TARGETED_DEVICE_FAMILY = "1,2";
				TEST_TARGET_NAME = Face_Rater_App;
			};
			name = Debug;
		};
		3ADF53682CB242A900F544E0 /* Release */ = {
			isa = XCBuildConfiguration;
			buildSettings = {
				CODE_SIGN_STYLE = Automatic;
				CURRENT_PROJECT_VERSION = 1;
				DEVELOPMENT_TEAM = J65F7Q5VCB;
				GENERATE_INFOPLIST_FILE = YES;
				MARKETING_VERSION = 1.0;
				PRODUCT_BUNDLE_IDENTIFIER = "com.salaam.Face-Rater-AppUITests";
				PRODUCT_NAME = "$(TARGET_NAME)";
				SWIFT_EMIT_LOC_STRINGS = NO;
				SWIFT_VERSION = 5.0;
				TARGETED_DEVICE_FAMILY = "1,2";
				TEST_TARGET_NAME = Face_Rater_App;
			};
			name = Release;
		};
/* End XCBuildConfiguration section */

/* Begin XCConfigurationList section */
		3ADF53372CB242A500F544E0 /* Build configuration list for PBXProject "Face_Rater_App" */ = {
			isa = XCConfigurationList;
			buildConfigurations = (
				3ADF535E2CB242A900F544E0 /* Debug */,
				3ADF535F2CB242A900F544E0 /* Release */,
			);
			defaultConfigurationIsVisible = 0;
			defaultConfigurationName = Release;
		};
		3ADF53602CB242A900F544E0 /* Build configuration list for PBXNativeTarget "Face_Rater_App" */ = {
			isa = XCConfigurationList;
			buildConfigurations = (
				3ADF53612CB242A900F544E0 /* Debug */,
				3ADF53622CB242A900F544E0 /* Release */,
			);
			defaultConfigurationIsVisible = 0;
			defaultConfigurationName = Release;
		};
		3ADF53632CB242A900F544E0 /* Build configuration list for PBXNativeTarget "Face_Rater_AppTests" */ = {
			isa = XCConfigurationList;
			buildConfigurations = (
				3ADF53642CB242A900F544E0 /* Debug */,
				3ADF53652CB242A900F544E0 /* Release */,
			);
			defaultConfigurationIsVisible = 0;
			defaultConfigurationName = Release;
		};
		3ADF53662CB242A900F544E0 /* Build configuration list for PBXNativeTarget "Face_Rater_AppUITests" */ = {
			isa = XCConfigurationList;
			buildConfigurations = (
				3ADF53672CB242A900F544E0 /* Debug */,
				3ADF53682CB242A900F544E0 /* Release */,
			);
			defaultConfigurationIsVisible = 0;
			defaultConfigurationName = Release;
		};
/* End XCConfigurationList section */
	};
	rootObject = 3ADF53342CB242A500F544E0 /* Project object */;
}
